
Microsoft Visual Studio Solution File, Format Version 12.00
# Visual Studio Version 17
VisualStudioVersion = 17.0.32014.148
MinimumVisualStudioVersion = 10.0.40219.1
Project("{FAE04EC0-301F-11D3-BF4B-00C04F79EFBC}") = "MVC_Product", "MVC_Product\MVC_Product.csproj", "{789B4111-0BC0-45FA-889C-3E2B9D1C6F4D}"
EndProject
Global
	GlobalSection(SolutionConfigurationPlatforms) = preSolution
		Debug|Any CPU = Debug|Any CPU
		Release|Any CPU = Release|Any CPU
	EndGlobalSection
	GlobalSection(ProjectConfigurationPlatforms) = postSolution
		{789B4111-0BC0-45FA-889C-3E2B9D1C6F4D}.Debug|Any CPU.ActiveCfg = Debug|Any CPU
		{789B4111-0BC0-45FA-889C-3E2B9D1C6F4D}.Debug|Any CPU.Build.0 = Debug|Any CPU
		{789B4111-0BC0-45FA-889C-3E2B9D1C6F4D}.Release|Any CPU.ActiveCfg = Release|Any CPU
		{789B4111-0BC0-45FA-889C-3E2B9D1C6F4D}.Release|Any CPU.Build.0 = Release|Any CPU
	EndGlobalSection
	GlobalSection(SolutionProperties) = preSolution
		HideSolutionNode = FALSE
	EndGlobalSection
	GlobalSection(ExtensibilityGlobals) = postSolution
		SolutionGuid = {B11D6CFC-5AC5-4A49-AABA-FACC6FA94735}
	EndGlobalSection
EndGlobal
